<?xml version="1.0" encoding="UTF-8" standalone="yes" ?>
<CodeBlocks_project_file>
	<FileVersion major="1" minor="6" />
	<Project>
		<Option title="HEROES SAS GSE" />
		<Option pch_mode="2" />
		<Option compiler="gcc" />
		<Build>
			<Target title="Debug">
				<Option output="bin/Debug/HEROES SAS GSE" prefix_auto="1" extension_auto="1" />
				<Option object_output="obj/Debug/" />
				<Option type="1" />
				<Option compiler="gcc" />
				<Compiler>
					<Add option="-g" />
					<Add option="`fltk-config --cxxflags --use-gl --use-glut`" />
				</Compiler>
				<Linker>
					<Add option="`fltk-config --ldstaticflags --use-gl --use-glut`" />
				</Linker>
			</Target>
			<Target title="Release">
				<Option output="bin/Release/HEROES SAS GSE" prefix_auto="1" extension_auto="1" />
				<Option object_output="obj/Release/" />
				<Option type="0" />
				<Option compiler="gcc" />
				<Compiler>
					<Add option="-O2" />
					<Add option="-s" />
				</Compiler>
			</Target>
		</Build>
		<Compiler>
			<Add option="`fltk-config --cxxflags`" />
		</Compiler>
		<Linker>
			<Add option="`fltk-config --ldstaticflags`" />
		</Linker>
		<Unit filename="Application.cxx" />
		<Unit filename="Application.h" />
		<Unit filename="detectorsImage.cxx" />
		<Unit filename="detectorsImage.h" />
		<Unit filename="gui.cxx" />
		<Unit filename="gui.fl" />
		<Unit filename="gui.h" />
		<Unit filename="main.cpp" />
		<Unit filename="main.h" />
		<Extensions>
			<code_completion />
			<debugger />
		</Extensions>
	</Project>
</CodeBlocks_project_file>
